schema: '2.0'
stages:
  preprocess:
    cmd: python src/preprocess.py
    deps:
    - path: data/data.csv
      hash: md5
      md5: 56a8d8ae619fcc223941e54f361b8406
      size: 23278
    - path: src/preprocess.py
      hash: md5
      md5: d62a7608edf54b110543f378df621359
      size: 970
    outs:
    - path: data/processed
      hash: md5
      md5: 8ad5eaf4e867fe3cd66c609573619d12.dir
      size: 24145
      nfiles: 2
  train:
    cmd: python src/train.py
    deps:
    - path: data/processed/train.csv
      hash: md5
      md5: 6175f5146a110488fa86f98d69276292
      size: 19261
    - path: src/train.py
      hash: md5
      md5: 569224cfe8dfc189312a28aa545a474d
      size: 1614
    params:
      params.yaml:
        model_type: rf
    outs:
    - path: models/model.joblib
      hash: md5
      md5: a2be7684e410b2f906c572c4382834aa
      size: 3453129
  validate:
    cmd: python src/validate.py
    deps:
    - path: data/processed/test.csv
      hash: md5
      md5: dde281662057ac79c96a18d8f00be0e4
      size: 4884
    - path: models/model.joblib
      hash: md5
      md5: a2be7684e410b2f906c572c4382834aa
      size: 3453129
    - path: src/validate.py
      hash: md5
      md5: 566c9d86e21601d877d4a6797a920efc
      size: 1990
    outs:
    - path: confusion_matrix.png
      hash: md5
      md5: 22c10e9183ae15a4ca635cfd37ef3f82
      size: 50962
    - path: metrics.json
      hash: md5
      md5: 99bf18fc77239b2401a50522ed398820
      size: 136
    - path: plots/confusion_matrix.csv
      hash: md5
      md5: 7dc2d290eeec68bb42512709b1723488
      size: 14
